lockfileVersion: '9.0'

settings:
  autoInstallPeers: true
  excludeLinksFromLockfile: false

importers:

  .:
    dependencies:
      dotenv:
        specifier: ^16.4.7
        version: 16.6.1
      pocketbase:
        specifier: ^0.26.8
        version: 0.26.8

packages:

  dotenv@16.6.1:
    resolution: {integrity: sha512-uBq4egWHTcTt33a72vpSG0z3HnPuIl6NqYcTrKEg2azoEyl2hpW0zqlxysq2pK9HlDIHyHyakeYaYnSAwd8bow==}
    engines: {node: '>=12'}

  pocketbase@0.26.8:
    resolution: {integrity: sha512-aQ/ewvS7ncvAE8wxoW10iAZu6ElgbeFpBhKPnCfvRovNzm2gW8u/sQNPGN6vNgVEagz44kK//C61oKjfa+7Low==}

snapshots:

  dotenv@16.6.1: {}

  pocketbase@0.26.8: {}
